
Microsoft Visual Studio Solution File, Format Version 12.00
# Visual Studio Version 16
VisualStudioVersion = 16.0.29418.71
MinimumVisualStudioVersion = 10.0.40219.1
Project("{FAE04EC0-301F-11D3-BF4B-00C04F79EFBC}") = "SayiTahminOyunu", "SayiTahminOyunu\SayiTahminOyunu.csproj", "{504F2C5E-AB89-4B3A-BF9C-6FE76EF67FCD}"
EndProject
Global
	GlobalSection(SolutionConfigurationPlatforms) = preSolution
		Debug|Any CPU = Debug|Any CPU
		Release|Any CPU = Release|Any CPU
	EndGlobalSection
	GlobalSection(ProjectConfigurationPlatforms) = postSolution
		{504F2C5E-AB89-4B3A-BF9C-6FE76EF67FCD}.Debug|Any CPU.ActiveCfg = Debug|Any CPU
		{504F2C5E-AB89-4B3A-BF9C-6FE76EF67FCD}.Debug|Any CPU.Build.0 = Debug|Any CPU
		{504F2C5E-AB89-4B3A-BF9C-6FE76EF67FCD}.Release|Any CPU.ActiveCfg = Release|Any CPU
		{504F2C5E-AB89-4B3A-BF9C-6FE76EF67FCD}.Release|Any CPU.Build.0 = Release|Any CPU
	EndGlobalSection
	GlobalSection(SolutionProperties) = preSolution
		HideSolutionNode = FALSE
	EndGlobalSection
	GlobalSection(ExtensibilityGlobals) = postSolution
		SolutionGuid = {63007042-F341-4E04-812F-4A7E12C1FC55}
	EndGlobalSection
EndGlobal
